
Microsoft Visual Studio Solution File, Format Version 12.00
# Visual Studio Version 16
VisualStudioVersion = 16.0.29905.134
MinimumVisualStudioVersion = 10.0.40219.1
Project("{FAE04EC0-301F-11D3-BF4B-00C04F79EFBC}") = "Ensues.Security", "Ensues.Security\Ensues.Security.csproj", "{226C4BD4-624B-421D-93D0-88605569E0A2}"
EndProject
Project("{FAE04EC0-301F-11D3-BF4B-00C04F79EFBC}") = "Ensues.Security.Tests", "Ensues.Security.Tests\Ensues.Security.Tests.csproj", "{6613A762-94FF-46D5-8249-5CBB0FC24F7E}"
EndProject
Project("{2150E333-8FDC-42A3-9474-1A3956D46DE8}") = "properties", "properties", "{2BC5EBB2-63CF-4D4D-9D20-657A6F4E8869}"
	ProjectSection(SolutionItems) = preProject
		Directory.Build.props = Directory.Build.props
	EndProjectSection
EndProject
Project("{FAE04EC0-301F-11D3-BF4B-00C04F79EFBC}") = "Ensues.Security.Release", "Ensues.Security.Release\Ensues.Security.Release.csproj", "{B50A73DA-0B09-4798-893F-D24C0AAA4115}"
EndProject
Global
	GlobalSection(SolutionConfigurationPlatforms) = preSolution
		Debug|Any CPU = Debug|Any CPU
		Release|Any CPU = Release|Any CPU
	EndGlobalSection
	GlobalSection(ProjectConfigurationPlatforms) = postSolution
		{226C4BD4-624B-421D-93D0-88605569E0A2}.Debug|Any CPU.ActiveCfg = Debug|Any CPU
		{226C4BD4-624B-421D-93D0-88605569E0A2}.Debug|Any CPU.Build.0 = Debug|Any CPU
		{226C4BD4-624B-421D-93D0-88605569E0A2}.Release|Any CPU.ActiveCfg = Release|Any CPU
		{226C4BD4-624B-421D-93D0-88605569E0A2}.Release|Any CPU.Build.0 = Release|Any CPU
		{226C4BD4-624B-421D-93D0-88605569E0A2}.Release|Any CPU.Deploy.0 = Release|Any CPU
		{6613A762-94FF-46D5-8249-5CBB0FC24F7E}.Debug|Any CPU.ActiveCfg = Debug|Any CPU
		{6613A762-94FF-46D5-8249-5CBB0FC24F7E}.Debug|Any CPU.Build.0 = Debug|Any CPU
		{6613A762-94FF-46D5-8249-5CBB0FC24F7E}.Release|Any CPU.ActiveCfg = Release|Any CPU
		{6613A762-94FF-46D5-8249-5CBB0FC24F7E}.Release|Any CPU.Build.0 = Release|Any CPU
		{6613A762-94FF-46D5-8249-5CBB0FC24F7E}.Release|Any CPU.Deploy.0 = Release|Any CPU
		{B50A73DA-0B09-4798-893F-D24C0AAA4115}.Debug|Any CPU.ActiveCfg = Debug|Any CPU
		{B50A73DA-0B09-4798-893F-D24C0AAA4115}.Debug|Any CPU.Build.0 = Debug|Any CPU
		{B50A73DA-0B09-4798-893F-D24C0AAA4115}.Release|Any CPU.ActiveCfg = Release|Any CPU
		{B50A73DA-0B09-4798-893F-D24C0AAA4115}.Release|Any CPU.Build.0 = Release|Any CPU
	EndGlobalSection
	GlobalSection(SolutionProperties) = preSolution
		HideSolutionNode = FALSE
	EndGlobalSection
	GlobalSection(ExtensibilityGlobals) = postSolution
		SolutionGuid = {6B021013-AC54-47A0-A0E0-C43FF1098CBB}
	EndGlobalSection
EndGlobal
